
Microsoft Visual Studio Solution File, Format Version 12.00
# Visual Studio 15
VisualStudioVersion = 15.0.28307.960
MinimumVisualStudioVersion = 10.0.40219.1
Project("{FAE04EC0-301F-11D3-BF4B-00C04F79EFBC}") = "WindowsFormsApp6", "WindowsFormsApp6\WindowsFormsApp6.csproj", "{17999F16-282E-48B8-BB19-DC338253B614}"
EndProject
Global
	GlobalSection(SolutionConfigurationPlatforms) = preSolution
		Debug|Any CPU = Debug|Any CPU
		Release|Any CPU = Release|Any CPU
	EndGlobalSection
	GlobalSection(ProjectConfigurationPlatforms) = postSolution
		{17999F16-282E-48B8-BB19-DC338253B614}.Debug|Any CPU.ActiveCfg = Debug|Any CPU
		{17999F16-282E-48B8-BB19-DC338253B614}.Debug|Any CPU.Build.0 = Debug|Any CPU
		{17999F16-282E-48B8-BB19-DC338253B614}.Release|Any CPU.ActiveCfg = Release|Any CPU
		{17999F16-282E-48B8-BB19-DC338253B614}.Release|Any CPU.Build.0 = Release|Any CPU
	EndGlobalSection
	GlobalSection(SolutionProperties) = preSolution
		HideSolutionNode = FALSE
	EndGlobalSection
	GlobalSection(ExtensibilityGlobals) = postSolution
		SolutionGuid = {DDC130D5-DEA1-46AE-92BB-28FC3C6C693F}
	EndGlobalSection
EndGlobal
